github.com/gregoryv/gocyclo v0.1.1 h1:wRhY+jEiXtNqtxOSI1XfXmbRaRknzvVtO5QOSg5KVHo=
github.com/gregoryv/gocyclo v0.1.1/go.mod h1:e1PwkEyshvXjhPGP0RUXqlEXx09aBSSNj0wL8I/P/3I=
github.com/gregoryv/qual v0.4.3 h1:SrUIKwJH04PgcSq6gmdrg4UrhjIZHQ9D0LJpHO0jeB0=
github.com/gregoryv/qual v0.4.3/go.mod h1:qi5L/TR4lnCuIFsOC2G8dtTOui6787/lFNquekcjxmQ=
